
Microsoft Visual Studio Solution File, Format Version 12.00
# Visual Studio Version 16
VisualStudioVersion = 16.0.30523.141
MinimumVisualStudioVersion = 10.0.40219.1
Project("{8BC9CEB8-8B4A-11D0-8D11-00A0C91BC942}") = "WindowsTesting", "WindowsTesting\WindowsTesting.vcxproj", "{21F3AA15-7BBB-4CC0-8461-FF60184721F5}"
EndProject
Global
	GlobalSection(SolutionConfigurationPlatforms) = preSolution
		Debug|x64 = Debug|x64
		Debug|x86 = Debug|x86
		Release|x64 = Release|x64
		Release|x86 = Release|x86
	EndGlobalSection
	GlobalSection(ProjectConfigurationPlatforms) = postSolution
		{21F3AA15-7BBB-4CC0-8461-FF60184721F5}.Debug|x64.ActiveCfg = Debug|x64
		{21F3AA15-7BBB-4CC0-8461-FF60184721F5}.Debug|x64.Build.0 = Debug|x64
		{21F3AA15-7BBB-4CC0-8461-FF60184721F5}.Debug|x86.ActiveCfg = Debug|Win32
		{21F3AA15-7BBB-4CC0-8461-FF60184721F5}.Debug|x86.Build.0 = Debug|Win32
		{21F3AA15-7BBB-4CC0-8461-FF60184721F5}.Release|x64.ActiveCfg = Release|x64
		{21F3AA15-7BBB-4CC0-8461-FF60184721F5}.Release|x64.Build.0 = Release|x64
		{21F3AA15-7BBB-4CC0-8461-FF60184721F5}.Release|x86.ActiveCfg = Release|Win32
		{21F3AA15-7BBB-4CC0-8461-FF60184721F5}.Release|x86.Build.0 = Release|Win32
	EndGlobalSection
	GlobalSection(SolutionProperties) = preSolution
		HideSolutionNode = FALSE
	EndGlobalSection
	GlobalSection(ExtensibilityGlobals) = postSolution
		SolutionGuid = {F60D4F6B-4B4D-4851-B679-FECBDD05D56A}
	EndGlobalSection
EndGlobal
